
Microsoft Visual Studio Solution File, Format Version 12.00
# Visual Studio Version 16
VisualStudioVersion = 16.0.31205.134
MinimumVisualStudioVersion = 10.0.40219.1
Project("{FAE04EC0-301F-11D3-BF4B-00C04F79EFBC}") = "MISA.QLTS.Web", "MISA.QLTS.Web\MISA.QLTS.Web.csproj", "{73C3E7A4-2321-4641-B990-3459A5FA08F6}"
EndProject
Project("{FAE04EC0-301F-11D3-BF4B-00C04F79EFBC}") = "MISA.QLTS.Core", "MISA.QLTS.Core\MISA.QLTS.Core.csproj", "{D4D700FF-B169-49B5-9899-AE323808CD4B}"
EndProject
Project("{FAE04EC0-301F-11D3-BF4B-00C04F79EFBC}") = "MISA.QLTS.Infrastructure", "MISA.QLTS.Infrastructure\MISA.QLTS.Infrastructure.csproj", "{A93EF732-A6AD-47E9-B0F7-C2ABFC1222EC}"
EndProject
Global
	GlobalSection(SolutionConfigurationPlatforms) = preSolution
		Debug|Any CPU = Debug|Any CPU
		Release|Any CPU = Release|Any CPU
	EndGlobalSection
	GlobalSection(ProjectConfigurationPlatforms) = postSolution
		{73C3E7A4-2321-4641-B990-3459A5FA08F6}.Debug|Any CPU.ActiveCfg = Debug|Any CPU
		{73C3E7A4-2321-4641-B990-3459A5FA08F6}.Debug|Any CPU.Build.0 = Debug|Any CPU
		{73C3E7A4-2321-4641-B990-3459A5FA08F6}.Release|Any CPU.ActiveCfg = Release|Any CPU
		{73C3E7A4-2321-4641-B990-3459A5FA08F6}.Release|Any CPU.Build.0 = Release|Any CPU
		{D4D700FF-B169-49B5-9899-AE323808CD4B}.Debug|Any CPU.ActiveCfg = Debug|Any CPU
		{D4D700FF-B169-49B5-9899-AE323808CD4B}.Debug|Any CPU.Build.0 = Debug|Any CPU
		{D4D700FF-B169-49B5-9899-AE323808CD4B}.Release|Any CPU.ActiveCfg = Release|Any CPU
		{D4D700FF-B169-49B5-9899-AE323808CD4B}.Release|Any CPU.Build.0 = Release|Any CPU
		{A93EF732-A6AD-47E9-B0F7-C2ABFC1222EC}.Debug|Any CPU.ActiveCfg = Debug|Any CPU
		{A93EF732-A6AD-47E9-B0F7-C2ABFC1222EC}.Debug|Any CPU.Build.0 = Debug|Any CPU
		{A93EF732-A6AD-47E9-B0F7-C2ABFC1222EC}.Release|Any CPU.ActiveCfg = Release|Any CPU
		{A93EF732-A6AD-47E9-B0F7-C2ABFC1222EC}.Release|Any CPU.Build.0 = Release|Any CPU
	EndGlobalSection
	GlobalSection(SolutionProperties) = preSolution
		HideSolutionNode = FALSE
	EndGlobalSection
	GlobalSection(ExtensibilityGlobals) = postSolution
		SolutionGuid = {00028C51-C4F9-407B-A7EB-19E4FBF4C68A}
	EndGlobalSection
EndGlobal
